{
  "version": "5",
  "remote": {
    "https://edge.netlify.com/": "fd941d61d88673d5f28aab283fb86fcc50f08a3bc80ee5470498fcfa88c65cfb",
    "https://edge.netlify.com/bootstrap/config.ts": "6a2ce0e544e15e8f8883a5c18da5948e37fd0f2619f68cb31f3af53c51817025",
    "https://edge.netlify.com/bootstrap/context.ts": "72496497b40d9e808f419efc764ecb438952a32f61ed94cd54952fc59f17f69d",
    "https://edge.netlify.com/bootstrap/cookie.ts": "8b0baae708989ca183c6f3b4ab3d029e6abcbc2e43f93edeb0ff447b3bbc3a05",
    "https://edge.netlify.com/bootstrap/edge_function.ts": "b8253e86aa83c67341f5cfedeba5049d77fbf84dcab7eceff7566b7728ae9b39",
    "https://edge.netlify.com/bootstrap/globals/types.ts": "eaa6148ded3121d8dee62dd91c86e7fe76601df0f3ca8d7962243a30f4c8935f"
  },
  "workspace": {
    "packageJson": {
      "dependencies": [
        "npm:@babel/plugin-proposal-optional-chaining@^7.18.9",
        "npm:@babel/plugin-transform-object-assign@^7.18.6",
        "npm:@netlify/functions@^5.1.0",
        "npm:@sendgrid/mail@^6.4.0",
        "npm:@sentry/browser@^7.10.0",
        "npm:@sentry/node@^7.10.0",
        "npm:@sentry/serverless@^7.120.3",
        "npm:@types/aws-lambda@^8.10.102",
        "npm:@types/node-fetch@^2.6.2",
        "npm:@types/node@^18.7.3",
        "npm:@types/react-dom@^18.0.6",
        "npm:@types/react-helmet@^6.1.5",
        "npm:@types/react-native@~0.69.5",
        "npm:@types/react@18.0.17",
        "npm:@types/styled-components@^5.1.26",
        "npm:@typescript-eslint/parser@^5.33.0",
        "npm:aws-sdk@^2.1692.0",
        "npm:babel-plugin-styled-components@^2.0.7",
        "npm:date-fns@^1.30.1",
        "npm:deepmerge@^4.2.2",
        "npm:dotenv@^16.0.1",
        "npm:eslint-config-prettier@^8.5.0",
        "npm:eslint-plugin-react-hooks@^4.6.0",
        "npm:formik@^1.5.7",
        "npm:gatsby-plugin-catch-links@^4.20.0",
        "npm:gatsby-plugin-google-analytics@^4.20.0",
        "npm:gatsby-plugin-image@^2.21.0",
        "npm:gatsby-plugin-manifest@^4.20.0",
        "npm:gatsby-plugin-netlify@^5.0.1",
        "npm:gatsby-plugin-sharp@4.20.0",
        "npm:gatsby-plugin-styled-components@^5.20.0",
        "npm:gatsby-plugin-typescript@^4.20.0",
        "npm:gatsby-remark-copy-linked-files@^5.20.0",
        "npm:gatsby-remark-external-links@^0.0.4",
        "npm:gatsby-source-filesystem@4.20.0",
        "npm:gatsby-transformer-remark@^5.20.0",
        "npm:gatsby-transformer-sharp@^4.20.0",
        "npm:gatsby@4.20.0",
        "npm:googleapis@36",
        "npm:http-proxy-middleware@^2.0.6",
        "npm:intersection-observer@~0.12.2",
        "npm:netlify-cli@^23.12.2",
        "npm:normalize.css@^8.0.1",
        "npm:prettier@^2.7.1",
        "npm:react-dom@^18.2.0",
        "npm:react@^18.2.0",
        "npm:styled-components@^5.3.5",
        "npm:typescript@4.7.4",
        "npm:unfetch@^4.2.0"
      ]
    }
  }
}
